// !$*UTF8*$!
{
	archiveVersion = 1;
	classes = {
	};
	objectVersion = 56;
	objects = {

/* Begin PBXBuildFile section */
		AD741C062C2F3F2000823E36 /* AuthRequestParams+stub.swift in Sources */ = {isa = PBXBuildFile; fileRef = AD741C052C2F3F2000823E36 /* AuthRequestParams+stub.swift */; };
		AD741C092C2F441900823E36 /* FakeWalletConnectService.swift in Sources */ = {isa = PBXBuildFile; fileRef = AD741C082C2F441900823E36 /* FakeWalletConnectService.swift */; };
		AD741C0C2C2F45F000823E36 /* WalletConnect in Frameworks */ = {isa = PBXBuildFile; productRef = AD741C0B2C2F45F000823E36 /* WalletConnect */; };
		AD741C0E2C2F45F000823E36 /* WalletConnectAuth in Frameworks */ = {isa = PBXBuildFile; productRef = AD741C0D2C2F45F000823E36 /* WalletConnectAuth */; };
		AD741C102C2F45F000823E36 /* WalletConnectIdentity in Frameworks */ = {isa = PBXBuildFile; productRef = AD741C0F2C2F45F000823E36 /* WalletConnectIdentity */; };
		AD741C122C2F45F000823E36 /* WalletConnectModal in Frameworks */ = {isa = PBXBuildFile; productRef = AD741C112C2F45F000823E36 /* WalletConnectModal */; };
		AD741C142C2F45F000823E36 /* WalletConnectNetworking in Frameworks */ = {isa = PBXBuildFile; productRef = AD741C132C2F45F000823E36 /* WalletConnectNetworking */; };
		AD741C172C2F532400823E36 /* SignView.swift in Sources */ = {isa = PBXBuildFile; fileRef = AD741C162C2F532400823E36 /* SignView.swift */; };
		AD741C192C2F532C00823E36 /* SignViewModel.swift in Sources */ = {isa = PBXBuildFile; fileRef = AD741C182C2F532C00823E36 /* SignViewModel.swift */; };
		AD741C1B2C30386A00823E36 /* QRCodeGenerator.swift in Sources */ = {isa = PBXBuildFile; fileRef = AD741C1A2C30386A00823E36 /* QRCodeGenerator.swift */; };
		AD741C1D2C303C0800823E36 /* AppConstants.swift in Sources */ = {isa = PBXBuildFile; fileRef = AD741C1C2C303C0800823E36 /* AppConstants.swift */; };
		AD741C1F2C3048D200823E36 /* Pasteboard.swift in Sources */ = {isa = PBXBuildFile; fileRef = AD741C1E2C3048D200823E36 /* Pasteboard.swift */; };
		AD741C222C3076EB00823E36 /* Uri.swift in Sources */ = {isa = PBXBuildFile; fileRef = AD741C212C3076EB00823E36 /* Uri.swift */; };
		AD741C242C30770000823E36 /* AccountDetails.swift in Sources */ = {isa = PBXBuildFile; fileRef = AD741C232C30770000823E36 /* AccountDetails.swift */; };
		AD741C272C3078DF00823E36 /* KeychainService.swift in Sources */ = {isa = PBXBuildFile; fileRef = AD741C262C3078DF00823E36 /* KeychainService.swift */; };
		AD741C292C307E9400823E36 /* SessionManagerService.swift in Sources */ = {isa = PBXBuildFile; fileRef = AD741C282C307E9400823E36 /* SessionManagerService.swift */; };
		AD741C2C2C3120A000823E36 /* DependenciesManager.swift in Sources */ = {isa = PBXBuildFile; fileRef = AD741C2B2C3120A000823E36 /* DependenciesManager.swift */; };
		AD741C2F2C313A6400823E36 /* LoadingView.swift in Sources */ = {isa = PBXBuildFile; fileRef = AD741C2E2C313A6400823E36 /* LoadingView.swift */; };
		AD741C322C31473800823E36 /* WalletConnectServiceError.swift in Sources */ = {isa = PBXBuildFile; fileRef = AD741C312C31473800823E36 /* WalletConnectServiceError.swift */; };
		AD741C352C3149FF00823E36 /* ErrorModifier.swift in Sources */ = {isa = PBXBuildFile; fileRef = AD741C342C3149FF00823E36 /* ErrorModifier.swift */; };
		AD741C372C315C0E00823E36 /* ErrorView.swift in Sources */ = {isa = PBXBuildFile; fileRef = AD741C362C315C0E00823E36 /* ErrorView.swift */; };
		AD741C392C31715800823E36 /* KeychainServiceError.swift in Sources */ = {isa = PBXBuildFile; fileRef = AD741C382C31715800823E36 /* KeychainServiceError.swift */; };
		AD741C3B2C3176D100823E36 /* AppError.swift in Sources */ = {isa = PBXBuildFile; fileRef = AD741C3A2C3176D100823E36 /* AppError.swift */; };
		AD741C3D2C3186FA00823E36 /* AppViewModelTests.swift in Sources */ = {isa = PBXBuildFile; fileRef = AD741C3C2C3186FA00823E36 /* AppViewModelTests.swift */; };
		AD741C402C318BAF00823E36 /* MockKeychainService.swift in Sources */ = {isa = PBXBuildFile; fileRef = AD741C3F2C318BAF00823E36 /* MockKeychainService.swift */; };
		AD741C422C318D2400823E36 /* MockWalletConnectService.swift in Sources */ = {isa = PBXBuildFile; fileRef = AD741C412C318D2400823E36 /* MockWalletConnectService.swift */; };
		AD741C442C318D4700823E36 /* MockSessionManagerService.swift in Sources */ = {isa = PBXBuildFile; fileRef = AD741C432C318D4700823E36 /* MockSessionManagerService.swift */; };
		AD741C462C319C0200823E36 /* Spy.swift in Sources */ = {isa = PBXBuildFile; fileRef = AD741C452C319C0200823E36 /* Spy.swift */; };
		AD741C4B2C31A11B00823E36 /* SessionManagerServiceTests.swift in Sources */ = {isa = PBXBuildFile; fileRef = AD741C4A2C31A11B00823E36 /* SessionManagerServiceTests.swift */; };
		AD741C4D2C31A41B00823E36 /* Session.swift in Sources */ = {isa = PBXBuildFile; fileRef = AD741C4C2C31A41B00823E36 /* Session.swift */; };
		AD741C522C31A5B100823E36 /* WalletConnectSignSession+Ext.swift in Sources */ = {isa = PBXBuildFile; fileRef = AD741C512C31A5B100823E36 /* WalletConnectSignSession+Ext.swift */; };
		AD741C542C31B79C00823E36 /* ConnectViewModelTests.swift in Sources */ = {isa = PBXBuildFile; fileRef = AD741C532C31B79C00823E36 /* ConnectViewModelTests.swift */; };
		AD741C562C31C80E00823E36 /* SignViewModelTests.swift in Sources */ = {isa = PBXBuildFile; fileRef = AD741C552C31C80D00823E36 /* SignViewModelTests.swift */; };
		AD741C5A2C31C89900823E36 /* Uri.swift in Sources */ = {isa = PBXBuildFile; fileRef = AD741C592C31C89900823E36 /* Uri.swift */; };
		AD741C5C2C31CAA100823E36 /* WalletViewModelTests.swift in Sources */ = {isa = PBXBuildFile; fileRef = AD741C5B2C31CAA100823E36 /* WalletViewModelTests.swift */; };
		AD741C5E2C31CB5600823E36 /* AccountDetails.swift in Sources */ = {isa = PBXBuildFile; fileRef = AD741C5D2C31CB5600823E36 /* AccountDetails.swift */; };
		AD741C602C31D25300823E36 /* DevelopmentLog.swift in Sources */ = {isa = PBXBuildFile; fileRef = AD741C5F2C31D25300823E36 /* DevelopmentLog.swift */; };
		AD873A6E2C2DE83200FC94A9 /* WalletConnectDemoApp.swift in Sources */ = {isa = PBXBuildFile; fileRef = AD873A6D2C2DE83200FC94A9 /* WalletConnectDemoApp.swift */; };
		AD873A702C2DE83200FC94A9 /* AppView.swift in Sources */ = {isa = PBXBuildFile; fileRef = AD873A6F2C2DE83200FC94A9 /* AppView.swift */; };
		AD873A722C2DE83300FC94A9 /* Assets.xcassets in Resources */ = {isa = PBXBuildFile; fileRef = AD873A712C2DE83300FC94A9 /* Assets.xcassets */; };
		AD873A752C2DE83300FC94A9 /* Preview Assets.xcassets in Resources */ = {isa = PBXBuildFile; fileRef = AD873A742C2DE83300FC94A9 /* Preview Assets.xcassets */; };
		AD873A892C2DE83300FC94A9 /* WalletConnectDemoUITests.swift in Sources */ = {isa = PBXBuildFile; fileRef = AD873A882C2DE83300FC94A9 /* WalletConnectDemoUITests.swift */; };
		AD873A8B2C2DE83300FC94A9 /* WalletConnectDemoUITestsLaunchTests.swift in Sources */ = {isa = PBXBuildFile; fileRef = AD873A8A2C2DE83300FC94A9 /* WalletConnectDemoUITestsLaunchTests.swift */; };
		ADA9F3D42C2DEACC00C6845F /* ConnectView.swift in Sources */ = {isa = PBXBuildFile; fileRef = ADA9F3D32C2DEACC00C6845F /* ConnectView.swift */; };
		ADA9F3D62C2DEAD100C6845F /* WalletView.swift in Sources */ = {isa = PBXBuildFile; fileRef = ADA9F3D52C2DEAD100C6845F /* WalletView.swift */; };
		ADA9F3D82C2DEB2400C6845F /* WalletViewModel.swift in Sources */ = {isa = PBXBuildFile; fileRef = ADA9F3D72C2DEB2400C6845F /* WalletViewModel.swift */; };
		ADA9F3DA2C2DEBBD00C6845F /* ConnectViewModel.swift in Sources */ = {isa = PBXBuildFile; fileRef = ADA9F3D92C2DEBBD00C6845F /* ConnectViewModel.swift */; };
		ADA9F3DE2C2DED3900C6845F /* Screen.swift in Sources */ = {isa = PBXBuildFile; fileRef = ADA9F3DD2C2DED3900C6845F /* Screen.swift */; };
		ADA9F3F92C2DFA6800C6845F /* DefaultSocketFactory.swift in Sources */ = {isa = PBXBuildFile; fileRef = ADA9F3F82C2DFA6800C6845F /* DefaultSocketFactory.swift */; };
		ADA9F3FC2C2DFB4800C6845F /* Starscream in Frameworks */ = {isa = PBXBuildFile; productRef = ADA9F3FB2C2DFB4800C6845F /* Starscream */; };
		ADA9F3FF2C2DFCAC00C6845F /* Configuration.swift in Sources */ = {isa = PBXBuildFile; fileRef = ADA9F3FE2C2DFCAC00C6845F /* Configuration.swift */; };
		ADA9F4022C2E00A900C6845F /* Proposal.swift in Sources */ = {isa = PBXBuildFile; fileRef = ADA9F4012C2E00A900C6845F /* Proposal.swift */; };
		ADA9F4042C2E026200C6845F /* DefaultCryptoProvider.swift in Sources */ = {isa = PBXBuildFile; fileRef = ADA9F4032C2E026200C6845F /* DefaultCryptoProvider.swift */; };
		ADA9F4072C2E02F500C6845F /* Web3 in Frameworks */ = {isa = PBXBuildFile; productRef = ADA9F4062C2E02F500C6845F /* Web3 */; };
		ADA9F40A2C2E032A00C6845F /* HDWalletKit in Frameworks */ = {isa = PBXBuildFile; productRef = ADA9F4092C2E032A00C6845F /* HDWalletKit */; };
		ADA9F40D2C2E6ADF00C6845F /* WalletConnectService.swift in Sources */ = {isa = PBXBuildFile; fileRef = ADA9F40C2C2E6ADF00C6845F /* WalletConnectService.swift */; };
		ADA9F4102C2E6F8000C6845F /* AppViewModel.swift in Sources */ = {isa = PBXBuildFile; fileRef = ADA9F40F2C2E6F8000C6845F /* AppViewModel.swift */; };
		ADA9F4132C2E75D100C6845F /* SplashView.swift in Sources */ = {isa = PBXBuildFile; fileRef = ADA9F4122C2E75D100C6845F /* SplashView.swift */; };
		ADA9F4162C2F141900C6845F /* Configuration.xcconfig in Resources */ = {isa = PBXBuildFile; fileRef = ADA9F4152C2F141300C6845F /* Configuration.xcconfig */; };
/* End PBXBuildFile section */

/* Begin PBXContainerItemProxy section */
		AD873A7B2C2DE83300FC94A9 /* PBXContainerItemProxy */ = {
			isa = PBXContainerItemProxy;
			containerPortal = AD873A622C2DE83200FC94A9 /* Project object */;
			proxyType = 1;
			remoteGlobalIDString = AD873A692C2DE83200FC94A9;
			remoteInfo = WalletConnectDemo;
		};
		AD873A852C2DE83300FC94A9 /* PBXContainerItemProxy */ = {
			isa = PBXContainerItemProxy;
			containerPortal = AD873A622C2DE83200FC94A9 /* Project object */;
			proxyType = 1;
			remoteGlobalIDString = AD873A692C2DE83200FC94A9;
			remoteInfo = WalletConnectDemo;
		};
/* End PBXContainerItemProxy section */

/* Begin PBXFileReference section */
		AD741BFC2C2F2E4C00823E36 /* WalletConnectDemoDebug.entitlements */ = {isa = PBXFileReference; lastKnownFileType = text.plist.entitlements; path = WalletConnectDemoDebug.entitlements; sourceTree = "<group>"; };
		AD741BFD2C2F2EE400823E36 /* WalletConnectDemoRelease.entitlements */ = {isa = PBXFileReference; lastKnownFileType = text.plist.entitlements; path = WalletConnectDemoRelease.entitlements; sourceTree = "<group>"; };
		AD741C052C2F3F2000823E36 /* AuthRequestParams+stub.swift */ = {isa = PBXFileReference; lastKnownFileType = sourcecode.swift; path = "AuthRequestParams+stub.swift"; sourceTree = "<group>"; };
		AD741C082C2F441900823E36 /* FakeWalletConnectService.swift */ = {isa = PBXFileReference; lastKnownFileType = sourcecode.swift; path = FakeWalletConnectService.swift; sourceTree = "<group>"; };
		AD741C162C2F532400823E36 /* SignView.swift */ = {isa = PBXFileReference; lastKnownFileType = sourcecode.swift; path = SignView.swift; sourceTree = "<group>"; };
		AD741C182C2F532C00823E36 /* SignViewModel.swift */ = {isa = PBXFileReference; lastKnownFileType = sourcecode.swift; path = SignViewModel.swift; sourceTree = "<group>"; };
		AD741C1A2C30386A00823E36 /* QRCodeGenerator.swift */ = {isa = PBXFileReference; lastKnownFileType = sourcecode.swift; path = QRCodeGenerator.swift; sourceTree = "<group>"; };
		AD741C1C2C303C0800823E36 /* AppConstants.swift */ = {isa = PBXFileReference; lastKnownFileType = sourcecode.swift; path = AppConstants.swift; sourceTree = "<group>"; };
		AD741C1E2C3048D200823E36 /* Pasteboard.swift */ = {isa = PBXFileReference; lastKnownFileType = sourcecode.swift; path = Pasteboard.swift; sourceTree = "<group>"; };
		AD741C212C3076EB00823E36 /* Uri.swift */ = {isa = PBXFileReference; lastKnownFileType = sourcecode.swift; path = Uri.swift; sourceTree = "<group>"; };
		AD741C232C30770000823E36 /* AccountDetails.swift */ = {isa = PBXFileReference; lastKnownFileType = sourcecode.swift; path = AccountDetails.swift; sourceTree = "<group>"; };
		AD741C262C3078DF00823E36 /* KeychainService.swift */ = {isa = PBXFileReference; lastKnownFileType = sourcecode.swift; path = KeychainService.swift; sourceTree = "<group>"; };
		AD741C282C307E9400823E36 /* SessionManagerService.swift */ = {isa = PBXFileReference; lastKnownFileType = sourcecode.swift; path = SessionManagerService.swift; sourceTree = "<group>"; };
		AD741C2B2C3120A000823E36 /* DependenciesManager.swift */ = {isa = PBXFileReference; lastKnownFileType = sourcecode.swift; path = DependenciesManager.swift; sourceTree = "<group>"; };
		AD741C2E2C313A6400823E36 /* LoadingView.swift */ = {isa = PBXFileReference; lastKnownFileType = sourcecode.swift; path = LoadingView.swift; sourceTree = "<group>"; };
		AD741C312C31473800823E36 /* WalletConnectServiceError.swift */ = {isa = PBXFileReference; lastKnownFileType = sourcecode.swift; path = WalletConnectServiceError.swift; sourceTree = "<group>"; };
		AD741C342C3149FF00823E36 /* ErrorModifier.swift */ = {isa = PBXFileReference; lastKnownFileType = sourcecode.swift; path = ErrorModifier.swift; sourceTree = "<group>"; };
		AD741C362C315C0E00823E36 /* ErrorView.swift */ = {isa = PBXFileReference; lastKnownFileType = sourcecode.swift; path = ErrorView.swift; sourceTree = "<group>"; };
		AD741C382C31715800823E36 /* KeychainServiceError.swift */ = {isa = PBXFileReference; lastKnownFileType = sourcecode.swift; path = KeychainServiceError.swift; sourceTree = "<group>"; };
		AD741C3A2C3176D100823E36 /* AppError.swift */ = {isa = PBXFileReference; lastKnownFileType = sourcecode.swift; path = AppError.swift; sourceTree = "<group>"; };
		AD741C3C2C3186FA00823E36 /* AppViewModelTests.swift */ = {isa = PBXFileReference; lastKnownFileType = sourcecode.swift; path = AppViewModelTests.swift; sourceTree = "<group>"; };
		AD741C3F2C318BAF00823E36 /* MockKeychainService.swift */ = {isa = PBXFileReference; lastKnownFileType = sourcecode.swift; path = MockKeychainService.swift; sourceTree = "<group>"; };
		AD741C412C318D2400823E36 /* MockWalletConnectService.swift */ = {isa = PBXFileReference; lastKnownFileType = sourcecode.swift; path = MockWalletConnectService.swift; sourceTree = "<group>"; };
		AD741C432C318D4700823E36 /* MockSessionManagerService.swift */ = {isa = PBXFileReference; lastKnownFileType = sourcecode.swift; path = MockSessionManagerService.swift; sourceTree = "<group>"; };
		AD741C452C319C0200823E36 /* Spy.swift */ = {isa = PBXFileReference; lastKnownFileType = sourcecode.swift; path = Spy.swift; sourceTree = "<group>"; };
		AD741C4A2C31A11B00823E36 /* SessionManagerServiceTests.swift */ = {isa = PBXFileReference; lastKnownFileType = sourcecode.swift; path = SessionManagerServiceTests.swift; sourceTree = "<group>"; };
		AD741C4C2C31A41B00823E36 /* Session.swift */ = {isa = PBXFileReference; lastKnownFileType = sourcecode.swift; path = Session.swift; sourceTree = "<group>"; };
		AD741C512C31A5B100823E36 /* WalletConnectSignSession+Ext.swift */ = {isa = PBXFileReference; lastKnownFileType = sourcecode.swift; path = "WalletConnectSignSession+Ext.swift"; sourceTree = "<group>"; };
		AD741C532C31B79C00823E36 /* ConnectViewModelTests.swift */ = {isa = PBXFileReference; lastKnownFileType = sourcecode.swift; path = ConnectViewModelTests.swift; sourceTree = "<group>"; };
		AD741C552C31C80D00823E36 /* SignViewModelTests.swift */ = {isa = PBXFileReference; lastKnownFileType = sourcecode.swift; path = SignViewModelTests.swift; sourceTree = "<group>"; };
		AD741C592C31C89900823E36 /* Uri.swift */ = {isa = PBXFileReference; lastKnownFileType = sourcecode.swift; path = Uri.swift; sourceTree = "<group>"; };
		AD741C5B2C31CAA100823E36 /* WalletViewModelTests.swift */ = {isa = PBXFileReference; lastKnownFileType = sourcecode.swift; path = WalletViewModelTests.swift; sourceTree = "<group>"; };
		AD741C5D2C31CB5600823E36 /* AccountDetails.swift */ = {isa = PBXFileReference; lastKnownFileType = sourcecode.swift; path = AccountDetails.swift; sourceTree = "<group>"; };
		AD741C5F2C31D25300823E36 /* DevelopmentLog.swift */ = {isa = PBXFileReference; lastKnownFileType = sourcecode.swift; path = DevelopmentLog.swift; sourceTree = "<group>"; };
		AD873A6A2C2DE83200FC94A9 /* WalletConnectDemo.app */ = {isa = PBXFileReference; explicitFileType = wrapper.application; includeInIndex = 0; path = WalletConnectDemo.app; sourceTree = BUILT_PRODUCTS_DIR; };
		AD873A6D2C2DE83200FC94A9 /* WalletConnectDemoApp.swift */ = {isa = PBXFileReference; lastKnownFileType = sourcecode.swift; path = WalletConnectDemoApp.swift; sourceTree = "<group>"; };
		AD873A6F2C2DE83200FC94A9 /* AppView.swift */ = {isa = PBXFileReference; lastKnownFileType = sourcecode.swift; path = AppView.swift; sourceTree = "<group>"; };
		AD873A712C2DE83300FC94A9 /* Assets.xcassets */ = {isa = PBXFileReference; lastKnownFileType = folder.assetcatalog; path = Assets.xcassets; sourceTree = "<group>"; };
		AD873A742C2DE83300FC94A9 /* Preview Assets.xcassets */ = {isa = PBXFileReference; lastKnownFileType = folder.assetcatalog; path = "Preview Assets.xcassets"; sourceTree = "<group>"; };
		AD873A7A2C2DE83300FC94A9 /* WalletConnectDemoTests.xctest */ = {isa = PBXFileReference; explicitFileType = wrapper.cfbundle; includeInIndex = 0; path = WalletConnectDemoTests.xctest; sourceTree = BUILT_PRODUCTS_DIR; };
		AD873A842C2DE83300FC94A9 /* WalletConnectDemoUITests.xctest */ = {isa = PBXFileReference; explicitFileType = wrapper.cfbundle; includeInIndex = 0; path = WalletConnectDemoUITests.xctest; sourceTree = BUILT_PRODUCTS_DIR; };
		AD873A882C2DE83300FC94A9 /* WalletConnectDemoUITests.swift */ = {isa = PBXFileReference; lastKnownFileType = sourcecode.swift; path = WalletConnectDemoUITests.swift; sourceTree = "<group>"; };
		AD873A8A2C2DE83300FC94A9 /* WalletConnectDemoUITestsLaunchTests.swift */ = {isa = PBXFileReference; lastKnownFileType = sourcecode.swift; path = WalletConnectDemoUITestsLaunchTests.swift; sourceTree = "<group>"; };
		ADA9F3D32C2DEACC00C6845F /* ConnectView.swift */ = {isa = PBXFileReference; lastKnownFileType = sourcecode.swift; path = ConnectView.swift; sourceTree = "<group>"; };
		ADA9F3D52C2DEAD100C6845F /* WalletView.swift */ = {isa = PBXFileReference; lastKnownFileType = sourcecode.swift; path = WalletView.swift; sourceTree = "<group>"; };
		ADA9F3D72C2DEB2400C6845F /* WalletViewModel.swift */ = {isa = PBXFileReference; lastKnownFileType = sourcecode.swift; path = WalletViewModel.swift; sourceTree = "<group>"; };
		ADA9F3D92C2DEBBD00C6845F /* ConnectViewModel.swift */ = {isa = PBXFileReference; lastKnownFileType = sourcecode.swift; path = ConnectViewModel.swift; sourceTree = "<group>"; };
		ADA9F3DD2C2DED3900C6845F /* Screen.swift */ = {isa = PBXFileReference; lastKnownFileType = sourcecode.swift; path = Screen.swift; sourceTree = "<group>"; };
		ADA9F3F82C2DFA6800C6845F /* DefaultSocketFactory.swift */ = {isa = PBXFileReference; lastKnownFileType = sourcecode.swift; path = DefaultSocketFactory.swift; sourceTree = "<group>"; };
		ADA9F3FE2C2DFCAC00C6845F /* Configuration.swift */ = {isa = PBXFileReference; lastKnownFileType = sourcecode.swift; path = Configuration.swift; sourceTree = "<group>"; };
		ADA9F4002C2DFF4200C6845F /* Info.plist */ = {isa = PBXFileReference; lastKnownFileType = text.plist; path = Info.plist; sourceTree = "<group>"; };
		ADA9F4012C2E00A900C6845F /* Proposal.swift */ = {isa = PBXFileReference; lastKnownFileType = sourcecode.swift; path = Proposal.swift; sourceTree = "<group>"; };
		ADA9F4032C2E026200C6845F /* DefaultCryptoProvider.swift */ = {isa = PBXFileReference; lastKnownFileType = sourcecode.swift; path = DefaultCryptoProvider.swift; sourceTree = "<group>"; };
		ADA9F40C2C2E6ADF00C6845F /* WalletConnectService.swift */ = {isa = PBXFileReference; lastKnownFileType = sourcecode.swift; path = WalletConnectService.swift; sourceTree = "<group>"; };
		ADA9F40F2C2E6F8000C6845F /* AppViewModel.swift */ = {isa = PBXFileReference; lastKnownFileType = sourcecode.swift; path = AppViewModel.swift; sourceTree = "<group>"; };
		ADA9F4122C2E75D100C6845F /* SplashView.swift */ = {isa = PBXFileReference; lastKnownFileType = sourcecode.swift; path = SplashView.swift; sourceTree = "<group>"; };
		ADA9F4152C2F141300C6845F /* Configuration.xcconfig */ = {isa = PBXFileReference; lastKnownFileType = text.xcconfig; path = Configuration.xcconfig; sourceTree = "<group>"; };
/* End PBXFileReference section */

/* Begin PBXFrameworksBuildPhase section */
		AD873A672C2DE83200FC94A9 /* Frameworks */ = {
			isa = PBXFrameworksBuildPhase;
			buildActionMask = 2147483647;
			files = (
				ADA9F40A2C2E032A00C6845F /* HDWalletKit in Frameworks */,
				ADA9F4072C2E02F500C6845F /* Web3 in Frameworks */,
				AD741C102C2F45F000823E36 /* WalletConnectIdentity in Frameworks */,
				AD741C122C2F45F000823E36 /* WalletConnectModal in Frameworks */,
				AD741C142C2F45F000823E36 /* WalletConnectNetworking in Frameworks */,
				AD741C0C2C2F45F000823E36 /* WalletConnect in Frameworks */,
				ADA9F3FC2C2DFB4800C6845F /* Starscream in Frameworks */,
				AD741C0E2C2F45F000823E36 /* WalletConnectAuth in Frameworks */,
			);
			runOnlyForDeploymentPostprocessing = 0;
		};
		AD873A772C2DE83300FC94A9 /* Frameworks */ = {
			isa = PBXFrameworksBuildPhase;
			buildActionMask = 2147483647;
			files = (
			);
			runOnlyForDeploymentPostprocessing = 0;
		};
		AD873A812C2DE83300FC94A9 /* Frameworks */ = {
			isa = PBXFrameworksBuildPhase;
			buildActionMask = 2147483647;
			files = (
			);
			runOnlyForDeploymentPostprocessing = 0;
		};
/* End PBXFrameworksBuildPhase section */

/* Begin PBXGroup section */
		AD741C072C2F43FB00823E36 /* Mocks */ = {
			isa = PBXGroup;
			children = (
				AD741C082C2F441900823E36 /* FakeWalletConnectService.swift */,
			);
			path = Mocks;
			sourceTree = "<group>";
		};
		AD741C152C2F530300823E36 /* SignView */ = {
			isa = PBXGroup;
			children = (
				AD741C162C2F532400823E36 /* SignView.swift */,
				AD741C182C2F532C00823E36 /* SignViewModel.swift */,
			);
			path = SignView;
			sourceTree = "<group>";
		};
		AD741C202C3076D600823E36 /* Models */ = {
			isa = PBXGroup;
			children = (
				AD741C212C3076EB00823E36 /* Uri.swift */,
				AD741C232C30770000823E36 /* AccountDetails.swift */,
				AD741C4C2C31A41B00823E36 /* Session.swift */,
			);
			path = Models;
			sourceTree = "<group>";
		};
		AD741C2A2C31208400823E36 /* Dependencies */ = {
			isa = PBXGroup;
			children = (
				AD741C2B2C3120A000823E36 /* DependenciesManager.swift */,
			);
			path = Dependencies;
			sourceTree = "<group>";
		};
		AD741C2D2C313A5B00823E36 /* Components */ = {
			isa = PBXGroup;
			children = (
				AD741C2E2C313A6400823E36 /* LoadingView.swift */,
				AD741C362C315C0E00823E36 /* ErrorView.swift */,
			);
			path = Components;
			sourceTree = "<group>";
		};
		AD741C302C31473000823E36 /* Errors */ = {
			isa = PBXGroup;
			children = (
				AD741C312C31473800823E36 /* WalletConnectServiceError.swift */,
				AD741C382C31715800823E36 /* KeychainServiceError.swift */,
				AD741C3A2C3176D100823E36 /* AppError.swift */,
			);
			path = Errors;
			sourceTree = "<group>";
		};
		AD741C332C3149F300823E36 /* ViewModifiers */ = {
			isa = PBXGroup;
			children = (
				AD741C342C3149FF00823E36 /* ErrorModifier.swift */,
			);
			path = ViewModifiers;
			sourceTree = "<group>";
		};
		AD741C3E2C318B9C00823E36 /* Mocks */ = {
			isa = PBXGroup;
			children = (
				AD741C3F2C318BAF00823E36 /* MockKeychainService.swift */,
				AD741C412C318D2400823E36 /* MockWalletConnectService.swift */,
				AD741C432C318D4700823E36 /* MockSessionManagerService.swift */,
				AD741C452C319C0200823E36 /* Spy.swift */,
				AD741C592C31C89900823E36 /* Uri.swift */,
				AD741C5D2C31CB5600823E36 /* AccountDetails.swift */,
			);
			path = Mocks;
			sourceTree = "<group>";
		};
		AD741C472C31A0CF00823E36 /* Navigation */ = {
			isa = PBXGroup;
			children = (
				AD741C3C2C3186FA00823E36 /* AppViewModelTests.swift */,
			);
			path = Navigation;
			sourceTree = "<group>";
		};
		AD741C482C31A0E500823E36 /* Screens */ = {
			isa = PBXGroup;
			children = (
				AD741C532C31B79C00823E36 /* ConnectViewModelTests.swift */,
				AD741C5B2C31CAA100823E36 /* WalletViewModelTests.swift */,
			);
			path = Screens;
			sourceTree = "<group>";
		};
		AD741C492C31A10100823E36 /* Services */ = {
			isa = PBXGroup;
			children = (
				AD741C4A2C31A11B00823E36 /* SessionManagerServiceTests.swift */,
			);
			path = Services;
			sourceTree = "<group>";
		};
		AD741C502C31A59800823E36 /* Extensions */ = {
			isa = PBXGroup;
			children = (
				AD741C512C31A5B100823E36 /* WalletConnectSignSession+Ext.swift */,
			);
			path = Extensions;
			sourceTree = "<group>";
		};
		AD741C572C31C81D00823E36 /* Views */ = {
			isa = PBXGroup;
			children = (
				AD741C152C2F530300823E36 /* SignView */,
			);
			path = Views;
			sourceTree = "<group>";
		};
		AD741C582C31C83600823E36 /* Views */ = {
			isa = PBXGroup;
			children = (
				AD741C552C31C80D00823E36 /* SignViewModelTests.swift */,
			);
			path = Views;
			sourceTree = "<group>";
		};
		AD873A612C2DE83200FC94A9 = {
			isa = PBXGroup;
			children = (
				AD873A6C2C2DE83200FC94A9 /* WalletConnectDemo */,
				AD873A7D2C2DE83300FC94A9 /* WalletConnectDemoTests */,
				AD873A872C2DE83300FC94A9 /* WalletConnectDemoUITests */,
				AD873A6B2C2DE83200FC94A9 /* Products */,
			);
			sourceTree = "<group>";
		};
		AD873A6B2C2DE83200FC94A9 /* Products */ = {
			isa = PBXGroup;
			children = (
				AD873A6A2C2DE83200FC94A9 /* WalletConnectDemo.app */,
				AD873A7A2C2DE83300FC94A9 /* WalletConnectDemoTests.xctest */,
				AD873A842C2DE83300FC94A9 /* WalletConnectDemoUITests.xctest */,
			);
			name = Products;
			sourceTree = "<group>";
		};
		AD873A6C2C2DE83200FC94A9 /* WalletConnectDemo */ = {
			isa = PBXGroup;
			children = (
				AD873A712C2DE83300FC94A9 /* Assets.xcassets */,
				AD741C2D2C313A5B00823E36 /* Components */,
				ADA9F4152C2F141300C6845F /* Configuration.xcconfig */,
				AD741C2A2C31208400823E36 /* Dependencies */,
				AD741C302C31473000823E36 /* Errors */,
				AD741C502C31A59800823E36 /* Extensions */,
				ADA9F4002C2DFF4200C6845F /* Info.plist */,
				AD741C072C2F43FB00823E36 /* Mocks */,
				AD741C202C3076D600823E36 /* Models */,
				ADA9F4142C2F118900C6845F /* Navigation */,
				AD873A732C2DE83300FC94A9 /* Preview Content */,
				ADA9F3D02C2DEA3900C6845F /* Screens */,
				ADA9F40B2C2E6AD000C6845F /* Services */,
				ADA9F40E2C2E6B6000C6845F /* Utilities */,
				AD741C332C3149F300823E36 /* ViewModifiers */,
				AD741C572C31C81D00823E36 /* Views */,
				AD873A6D2C2DE83200FC94A9 /* WalletConnectDemoApp.swift */,
				AD741BFC2C2F2E4C00823E36 /* WalletConnectDemoDebug.entitlements */,
				AD741BFD2C2F2EE400823E36 /* WalletConnectDemoRelease.entitlements */,
			);
			path = WalletConnectDemo;
			sourceTree = "<group>";
		};
		AD873A732C2DE83300FC94A9 /* Preview Content */ = {
			isa = PBXGroup;
			children = (
				AD873A742C2DE83300FC94A9 /* Preview Assets.xcassets */,
			);
			path = "Preview Content";
			sourceTree = "<group>";
		};
		AD873A7D2C2DE83300FC94A9 /* WalletConnectDemoTests */ = {
			isa = PBXGroup;
			children = (
				AD741C3E2C318B9C00823E36 /* Mocks */,
				AD741C472C31A0CF00823E36 /* Navigation */,
				AD741C482C31A0E500823E36 /* Screens */,
				AD741C492C31A10100823E36 /* Services */,
				AD741C582C31C83600823E36 /* Views */,
			);
			path = WalletConnectDemoTests;
			sourceTree = "<group>";
		};
		AD873A872C2DE83300FC94A9 /* WalletConnectDemoUITests */ = {
			isa = PBXGroup;
			children = (
				AD873A882C2DE83300FC94A9 /* WalletConnectDemoUITests.swift */,
				AD873A8A2C2DE83300FC94A9 /* WalletConnectDemoUITestsLaunchTests.swift */,
			);
			path = WalletConnectDemoUITests;
			sourceTree = "<group>";
		};
		ADA9F3D02C2DEA3900C6845F /* Screens */ = {
			isa = PBXGroup;
			children = (
				ADA9F4112C2E75C400C6845F /* SplashView */,
				ADA9F3D22C2DEA8800C6845F /* WalletView */,
				ADA9F3D12C2DEA4200C6845F /* ConnectView */,
				ADA9F3DD2C2DED3900C6845F /* Screen.swift */,
			);
			path = Screens;
			sourceTree = "<group>";
		};
		ADA9F3D12C2DEA4200C6845F /* ConnectView */ = {
			isa = PBXGroup;
			children = (
				ADA9F3D32C2DEACC00C6845F /* ConnectView.swift */,
				ADA9F3D92C2DEBBD00C6845F /* ConnectViewModel.swift */,
			);
			path = ConnectView;
			sourceTree = "<group>";
		};
		ADA9F3D22C2DEA8800C6845F /* WalletView */ = {
			isa = PBXGroup;
			children = (
				ADA9F3D52C2DEAD100C6845F /* WalletView.swift */,
				ADA9F3D72C2DEB2400C6845F /* WalletViewModel.swift */,
			);
			path = WalletView;
			sourceTree = "<group>";
		};
		ADA9F40B2C2E6AD000C6845F /* Services */ = {
			isa = PBXGroup;
			children = (
				AD741C262C3078DF00823E36 /* KeychainService.swift */,
				ADA9F40C2C2E6ADF00C6845F /* WalletConnectService.swift */,
				AD741C282C307E9400823E36 /* SessionManagerService.swift */,
			);
			path = Services;
			sourceTree = "<group>";
		};
		ADA9F40E2C2E6B6000C6845F /* Utilities */ = {
			isa = PBXGroup;
			children = (
				ADA9F3F82C2DFA6800C6845F /* DefaultSocketFactory.swift */,
				ADA9F3FE2C2DFCAC00C6845F /* Configuration.swift */,
				ADA9F4012C2E00A900C6845F /* Proposal.swift */,
				ADA9F4032C2E026200C6845F /* DefaultCryptoProvider.swift */,
				AD741C052C2F3F2000823E36 /* AuthRequestParams+stub.swift */,
				AD741C1A2C30386A00823E36 /* QRCodeGenerator.swift */,
				AD741C1C2C303C0800823E36 /* AppConstants.swift */,
				AD741C1E2C3048D200823E36 /* Pasteboard.swift */,
				AD741C5F2C31D25300823E36 /* DevelopmentLog.swift */,
			);
			path = Utilities;
			sourceTree = "<group>";
		};
		ADA9F4112C2E75C400C6845F /* SplashView */ = {
			isa = PBXGroup;
			children = (
				ADA9F4122C2E75D100C6845F /* SplashView.swift */,
			);
			path = SplashView;
			sourceTree = "<group>";
		};
		ADA9F4142C2F118900C6845F /* Navigation */ = {
			isa = PBXGroup;
			children = (
				AD873A6F2C2DE83200FC94A9 /* AppView.swift */,
				ADA9F40F2C2E6F8000C6845F /* AppViewModel.swift */,
			);
			path = Navigation;
			sourceTree = "<group>";
		};
/* End PBXGroup section */

/* Begin PBXNativeTarget section */
		AD873A692C2DE83200FC94A9 /* WalletConnectDemo */ = {
			isa = PBXNativeTarget;
			buildConfigurationList = AD873A8E2C2DE83300FC94A9 /* Build configuration list for PBXNativeTarget "WalletConnectDemo" */;
			buildPhases = (
				AD873A662C2DE83200FC94A9 /* Sources */,
				AD873A672C2DE83200FC94A9 /* Frameworks */,
				AD873A682C2DE83200FC94A9 /* Resources */,
			);
			buildRules = (
			);
			dependencies = (
			);
			name = WalletConnectDemo;
			packageProductDependencies = (
				ADA9F3FB2C2DFB4800C6845F /* Starscream */,
				ADA9F4062C2E02F500C6845F /* Web3 */,
				ADA9F4092C2E032A00C6845F /* HDWalletKit */,
				AD741C0B2C2F45F000823E36 /* WalletConnect */,
				AD741C0D2C2F45F000823E36 /* WalletConnectAuth */,
				AD741C0F2C2F45F000823E36 /* WalletConnectIdentity */,
				AD741C112C2F45F000823E36 /* WalletConnectModal */,
				AD741C132C2F45F000823E36 /* WalletConnectNetworking */,
			);
			productName = WalletConnectDemo;
			productReference = AD873A6A2C2DE83200FC94A9 /* WalletConnectDemo.app */;
			productType = "com.apple.product-type.application";
		};
		AD873A792C2DE83300FC94A9 /* WalletConnectDemoTests */ = {
			isa = PBXNativeTarget;
			buildConfigurationList = AD873A912C2DE83300FC94A9 /* Build configuration list for PBXNativeTarget "WalletConnectDemoTests" */;
			buildPhases = (
				AD873A762C2DE83300FC94A9 /* Sources */,
				AD873A772C2DE83300FC94A9 /* Frameworks */,
				AD873A782C2DE83300FC94A9 /* Resources */,
			);
			buildRules = (
			);
			dependencies = (
				AD873A7C2C2DE83300FC94A9 /* PBXTargetDependency */,
			);
			name = WalletConnectDemoTests;
			productName = WalletConnectDemoTests;
			productReference = AD873A7A2C2DE83300FC94A9 /* WalletConnectDemoTests.xctest */;
			productType = "com.apple.product-type.bundle.unit-test";
		};
		AD873A832C2DE83300FC94A9 /* WalletConnectDemoUITests */ = {
			isa = PBXNativeTarget;
			buildConfigurationList = AD873A942C2DE83300FC94A9 /* Build configuration list for PBXNativeTarget "WalletConnectDemoUITests" */;
			buildPhases = (
				AD873A802C2DE83300FC94A9 /* Sources */,
				AD873A812C2DE83300FC94A9 /* Frameworks */,
				AD873A822C2DE83300FC94A9 /* Resources */,
			);
			buildRules = (
			);
			dependencies = (
				AD873A862C2DE83300FC94A9 /* PBXTargetDependency */,
			);
			name = WalletConnectDemoUITests;
			productName = WalletConnectDemoUITests;
			productReference = AD873A842C2DE83300FC94A9 /* WalletConnectDemoUITests.xctest */;
			productType = "com.apple.product-type.bundle.ui-testing";
		};
/* End PBXNativeTarget section */

/* Begin PBXProject section */
		AD873A622C2DE83200FC94A9 /* Project object */ = {
			isa = PBXProject;
			attributes = {
				BuildIndependentTargetsInParallel = 1;
				LastSwiftUpdateCheck = 1540;
				LastUpgradeCheck = 1540;
				TargetAttributes = {
					AD873A692C2DE83200FC94A9 = {
						CreatedOnToolsVersion = 15.4;
					};
					AD873A792C2DE83300FC94A9 = {
						CreatedOnToolsVersion = 15.4;
						TestTargetID = AD873A692C2DE83200FC94A9;
					};
					AD873A832C2DE83300FC94A9 = {
						CreatedOnToolsVersion = 15.4;
						TestTargetID = AD873A692C2DE83200FC94A9;
					};
				};
			};
			buildConfigurationList = AD873A652C2DE83200FC94A9 /* Build configuration list for PBXProject "WalletConnectDemo" */;
			compatibilityVersion = "Xcode 14.0";
			developmentRegion = en;
			hasScannedForEncodings = 0;
			knownRegions = (
				en,
				Base,
			);
			mainGroup = AD873A612C2DE83200FC94A9;
			packageReferences = (
				ADA9F3FA2C2DFB4800C6845F /* XCRemoteSwiftPackageReference "Starscream" */,
				ADA9F4052C2E02F500C6845F /* XCRemoteSwiftPackageReference "Web3" */,
				ADA9F4082C2E032A00C6845F /* XCRemoteSwiftPackageReference "HDWallet" */,
				AD741C0A2C2F45F000823E36 /* XCRemoteSwiftPackageReference "WalletConnectSwiftV2" */,
			);
			productRefGroup = AD873A6B2C2DE83200FC94A9 /* Products */;
			projectDirPath = "";
			projectRoot = "";
			targets = (
				AD873A692C2DE83200FC94A9 /* WalletConnectDemo */,
				AD873A792C2DE83300FC94A9 /* WalletConnectDemoTests */,
				AD873A832C2DE83300FC94A9 /* WalletConnectDemoUITests */,
			);
		};
/* End PBXProject section */

/* Begin PBXResourcesBuildPhase section */
		AD873A682C2DE83200FC94A9 /* Resources */ = {
			isa = PBXResourcesBuildPhase;
			buildActionMask = 2147483647;
			files = (
				AD873A752C2DE83300FC94A9 /* Preview Assets.xcassets in Resources */,
				AD873A722C2DE83300FC94A9 /* Assets.xcassets in Resources */,
				ADA9F4162C2F141900C6845F /* Configuration.xcconfig in Resources */,
			);
			runOnlyForDeploymentPostprocessing = 0;
		};
		AD873A782C2DE83300FC94A9 /* Resources */ = {
			isa = PBXResourcesBuildPhase;
			buildActionMask = 2147483647;
			files = (
			);
			runOnlyForDeploymentPostprocessing = 0;
		};
		AD873A822C2DE83300FC94A9 /* Resources */ = {
			isa = PBXResourcesBuildPhase;
			buildActionMask = 2147483647;
			files = (
			);
			runOnlyForDeploymentPostprocessing = 0;
		};
/* End PBXResourcesBuildPhase section */

/* Begin PBXSourcesBuildPhase section */
		AD873A662C2DE83200FC94A9 /* Sources */ = {
			isa = PBXSourcesBuildPhase;
			buildActionMask = 2147483647;
			files = (
				AD741C192C2F532C00823E36 /* SignViewModel.swift in Sources */,
				ADA9F3FF2C2DFCAC00C6845F /* Configuration.swift in Sources */,
				ADA9F4022C2E00A900C6845F /* Proposal.swift in Sources */,
				ADA9F4132C2E75D100C6845F /* SplashView.swift in Sources */,
				AD741C322C31473800823E36 /* WalletConnectServiceError.swift in Sources */,
				AD741C292C307E9400823E36 /* SessionManagerService.swift in Sources */,
				ADA9F4102C2E6F8000C6845F /* AppViewModel.swift in Sources */,
				AD741C272C3078DF00823E36 /* KeychainService.swift in Sources */,
				AD741C1B2C30386A00823E36 /* QRCodeGenerator.swift in Sources */,
				AD741C2F2C313A6400823E36 /* LoadingView.swift in Sources */,
				ADA9F3D42C2DEACC00C6845F /* ConnectView.swift in Sources */,
				ADA9F3DA2C2DEBBD00C6845F /* ConnectViewModel.swift in Sources */,
				AD741C242C30770000823E36 /* AccountDetails.swift in Sources */,
				AD741C352C3149FF00823E36 /* ErrorModifier.swift in Sources */,
				ADA9F3D62C2DEAD100C6845F /* WalletView.swift in Sources */,
				ADA9F3D82C2DEB2400C6845F /* WalletViewModel.swift in Sources */,
				AD741C1D2C303C0800823E36 /* AppConstants.swift in Sources */,
				AD741C1F2C3048D200823E36 /* Pasteboard.swift in Sources */,
				AD741C172C2F532400823E36 /* SignView.swift in Sources */,
				ADA9F3DE2C2DED3900C6845F /* Screen.swift in Sources */,
				AD741C3B2C3176D100823E36 /* AppError.swift in Sources */,
				AD741C222C3076EB00823E36 /* Uri.swift in Sources */,
				AD741C602C31D25300823E36 /* DevelopmentLog.swift in Sources */,
				ADA9F3F92C2DFA6800C6845F /* DefaultSocketFactory.swift in Sources */,
				ADA9F40D2C2E6ADF00C6845F /* WalletConnectService.swift in Sources */,
				AD873A702C2DE83200FC94A9 /* AppView.swift in Sources */,
				AD873A6E2C2DE83200FC94A9 /* WalletConnectDemoApp.swift in Sources */,
				AD741C392C31715800823E36 /* KeychainServiceError.swift in Sources */,
				AD741C372C315C0E00823E36 /* ErrorView.swift in Sources */,
				ADA9F4042C2E026200C6845F /* DefaultCryptoProvider.swift in Sources */,
				AD741C4D2C31A41B00823E36 /* Session.swift in Sources */,
				AD741C092C2F441900823E36 /* FakeWalletConnectService.swift in Sources */,
				AD741C2C2C3120A000823E36 /* DependenciesManager.swift in Sources */,
				AD741C062C2F3F2000823E36 /* AuthRequestParams+stub.swift in Sources */,
				AD741C522C31A5B100823E36 /* WalletConnectSignSession+Ext.swift in Sources */,
			);
			runOnlyForDeploymentPostprocessing = 0;
		};
		AD873A762C2DE83300FC94A9 /* Sources */ = {
			isa = PBXSourcesBuildPhase;
			buildActionMask = 2147483647;
			files = (
				AD741C542C31B79C00823E36 /* ConnectViewModelTests.swift in Sources */,
				AD741C442C318D4700823E36 /* MockSessionManagerService.swift in Sources */,
				AD741C3D2C3186FA00823E36 /* AppViewModelTests.swift in Sources */,
				AD741C562C31C80E00823E36 /* SignViewModelTests.swift in Sources */,
				AD741C5A2C31C89900823E36 /* Uri.swift in Sources */,
				AD741C462C319C0200823E36 /* Spy.swift in Sources */,
				AD741C5E2C31CB5600823E36 /* AccountDetails.swift in Sources */,
				AD741C4B2C31A11B00823E36 /* SessionManagerServiceTests.swift in Sources */,
				AD741C402C318BAF00823E36 /* MockKeychainService.swift in Sources */,
				AD741C422C318D2400823E36 /* MockWalletConnectService.swift in Sources */,
				AD741C5C2C31CAA100823E36 /* WalletViewModelTests.swift in Sources */,
			);
			runOnlyForDeploymentPostprocessing = 0;
		};
		AD873A802C2DE83300FC94A9 /* Sources */ = {
			isa = PBXSourcesBuildPhase;
			buildActionMask = 2147483647;
			files = (
				AD873A892C2DE83300FC94A9 /* WalletConnectDemoUITests.swift in Sources */,
				AD873A8B2C2DE83300FC94A9 /* WalletConnectDemoUITestsLaunchTests.swift in Sources */,
			);
			runOnlyForDeploymentPostprocessing = 0;
		};
/* End PBXSourcesBuildPhase section */

/* Begin PBXTargetDependency section */
		AD873A7C2C2DE83300FC94A9 /* PBXTargetDependency */ = {
			isa = PBXTargetDependency;
			target = AD873A692C2DE83200FC94A9 /* WalletConnectDemo */;
			targetProxy = AD873A7B2C2DE83300FC94A9 /* PBXContainerItemProxy */;
		};
		AD873A862C2DE83300FC94A9 /* PBXTargetDependency */ = {
			isa = PBXTargetDependency;
			target = AD873A692C2DE83200FC94A9 /* WalletConnectDemo */;
			targetProxy = AD873A852C2DE83300FC94A9 /* PBXContainerItemProxy */;
		};
/* End PBXTargetDependency section */

/* Begin XCBuildConfiguration section */
		AD873A8C2C2DE83300FC94A9 /* Debug */ = {
			isa = XCBuildConfiguration;
			baseConfigurationReference = ADA9F4152C2F141300C6845F /* Configuration.xcconfig */;
			buildSettings = {
				ALWAYS_SEARCH_USER_PATHS = NO;
				ASSETCATALOG_COMPILER_GENERATE_SWIFT_ASSET_SYMBOL_EXTENSIONS = YES;
				CLANG_ANALYZER_NONNULL = YES;
				CLANG_ANALYZER_NUMBER_OBJECT_CONVERSION = YES_AGGRESSIVE;
				CLANG_CXX_LANGUAGE_STANDARD = "gnu++20";
				CLANG_ENABLE_MODULES = YES;
				CLANG_ENABLE_OBJC_ARC = YES;
				CLANG_ENABLE_OBJC_WEAK = YES;
				CLANG_WARN_BLOCK_CAPTURE_AUTORELEASING = YES;
				CLANG_WARN_BOOL_CONVERSION = YES;
				CLANG_WARN_COMMA = YES;
				CLANG_WARN_CONSTANT_CONVERSION = YES;
				CLANG_WARN_DEPRECATED_OBJC_IMPLEMENTATIONS = YES;
				CLANG_WARN_DIRECT_OBJC_ISA_USAGE = YES_ERROR;
				CLANG_WARN_DOCUMENTATION_COMMENTS = YES;
				CLANG_WARN_EMPTY_BODY = YES;
				CLANG_WARN_ENUM_CONVERSION = YES;
				CLANG_WARN_INFINITE_RECURSION = YES;
				CLANG_WARN_INT_CONVERSION = YES;
				CLANG_WARN_NON_LITERAL_NULL_CONVERSION = YES;
				CLANG_WARN_OBJC_IMPLICIT_RETAIN_SELF = YES;
				CLANG_WARN_OBJC_LITERAL_CONVERSION = YES;
				CLANG_WARN_OBJC_ROOT_CLASS = YES_ERROR;
				CLANG_WARN_QUOTED_INCLUDE_IN_FRAMEWORK_HEADER = YES;
				CLANG_WARN_RANGE_LOOP_ANALYSIS = YES;
				CLANG_WARN_STRICT_PROTOTYPES = YES;
				CLANG_WARN_SUSPICIOUS_MOVE = YES;
				CLANG_WARN_UNGUARDED_AVAILABILITY = YES_AGGRESSIVE;
				CLANG_WARN_UNREACHABLE_CODE = YES;
				CLANG_WARN__DUPLICATE_METHOD_MATCH = YES;
				COPY_PHASE_STRIP = NO;
				DEBUG_INFORMATION_FORMAT = dwarf;
				ENABLE_STRICT_OBJC_MSGSEND = YES;
				ENABLE_TESTABILITY = YES;
				ENABLE_USER_SCRIPT_SANDBOXING = YES;
				GCC_C_LANGUAGE_STANDARD = gnu17;
				GCC_DYNAMIC_NO_PIC = NO;
				GCC_NO_COMMON_BLOCKS = YES;
				GCC_OPTIMIZATION_LEVEL = 0;
				GCC_PREPROCESSOR_DEFINITIONS = (
					"DEBUG=1",
					"$(inherited)",
				);
				GCC_WARN_64_TO_32_BIT_CONVERSION = YES;
				GCC_WARN_ABOUT_RETURN_TYPE = YES_ERROR;
				GCC_WARN_UNDECLARED_SELECTOR = YES;
				GCC_WARN_UNINITIALIZED_AUTOS = YES_AGGRESSIVE;
				GCC_WARN_UNUSED_FUNCTION = YES;
				GCC_WARN_UNUSED_VARIABLE = YES;
				IPHONEOS_DEPLOYMENT_TARGET = 17.0;
				LOCALIZATION_PREFERS_STRING_CATALOGS = YES;
				MTL_ENABLE_DEBUG_INFO = INCLUDE_SOURCE;
				MTL_FAST_MATH = YES;
				ONLY_ACTIVE_ARCH = YES;
				SDKROOT = iphoneos;
				SWIFT_ACTIVE_COMPILATION_CONDITIONS = "DEBUG $(inherited)";
				SWIFT_OPTIMIZATION_LEVEL = "-Onone";
			};
			name = Debug;
		};
		AD873A8D2C2DE83300FC94A9 /* Release */ = {
			isa = XCBuildConfiguration;
			baseConfigurationReference = ADA9F4152C2F141300C6845F /* Configuration.xcconfig */;
			buildSettings = {
				ALWAYS_SEARCH_USER_PATHS = NO;
				ASSETCATALOG_COMPILER_GENERATE_SWIFT_ASSET_SYMBOL_EXTENSIONS = YES;
				CLANG_ANALYZER_NONNULL = YES;
				CLANG_ANALYZER_NUMBER_OBJECT_CONVERSION = YES_AGGRESSIVE;
				CLANG_CXX_LANGUAGE_STANDARD = "gnu++20";
				CLANG_ENABLE_MODULES = YES;
				CLANG_ENABLE_OBJC_ARC = YES;
				CLANG_ENABLE_OBJC_WEAK = YES;
				CLANG_WARN_BLOCK_CAPTURE_AUTORELEASING = YES;
				CLANG_WARN_BOOL_CONVERSION = YES;
				CLANG_WARN_COMMA = YES;
				CLANG_WARN_CONSTANT_CONVERSION = YES;
				CLANG_WARN_DEPRECATED_OBJC_IMPLEMENTATIONS = YES;
				CLANG_WARN_DIRECT_OBJC_ISA_USAGE = YES_ERROR;
				CLANG_WARN_DOCUMENTATION_COMMENTS = YES;
				CLANG_WARN_EMPTY_BODY = YES;
				CLANG_WARN_ENUM_CONVERSION = YES;
				CLANG_WARN_INFINITE_RECURSION = YES;
				CLANG_WARN_INT_CONVERSION = YES;
				CLANG_WARN_NON_LITERAL_NULL_CONVERSION = YES;
				CLANG_WARN_OBJC_IMPLICIT_RETAIN_SELF = YES;
				CLANG_WARN_OBJC_LITERAL_CONVERSION = YES;
				CLANG_WARN_OBJC_ROOT_CLASS = YES_ERROR;
				CLANG_WARN_QUOTED_INCLUDE_IN_FRAMEWORK_HEADER = YES;
				CLANG_WARN_RANGE_LOOP_ANALYSIS = YES;
				CLANG_WARN_STRICT_PROTOTYPES = YES;
				CLANG_WARN_SUSPICIOUS_MOVE = YES;
				CLANG_WARN_UNGUARDED_AVAILABILITY = YES_AGGRESSIVE;
				CLANG_WARN_UNREACHABLE_CODE = YES;
				CLANG_WARN__DUPLICATE_METHOD_MATCH = YES;
				COPY_PHASE_STRIP = NO;
				DEBUG_INFORMATION_FORMAT = "dwarf-with-dsym";
				ENABLE_NS_ASSERTIONS = NO;
				ENABLE_STRICT_OBJC_MSGSEND = YES;
				ENABLE_USER_SCRIPT_SANDBOXING = YES;
				GCC_C_LANGUAGE_STANDARD = gnu17;
				GCC_NO_COMMON_BLOCKS = YES;
				GCC_WARN_64_TO_32_BIT_CONVERSION = YES;
				GCC_WARN_ABOUT_RETURN_TYPE = YES_ERROR;
				GCC_WARN_UNDECLARED_SELECTOR = YES;
				GCC_WARN_UNINITIALIZED_AUTOS = YES_AGGRESSIVE;
				GCC_WARN_UNUSED_FUNCTION = YES;
				GCC_WARN_UNUSED_VARIABLE = YES;
				IPHONEOS_DEPLOYMENT_TARGET = 17.0;
				LOCALIZATION_PREFERS_STRING_CATALOGS = YES;
				MTL_ENABLE_DEBUG_INFO = NO;
				MTL_FAST_MATH = YES;
				SDKROOT = iphoneos;
				SWIFT_COMPILATION_MODE = wholemodule;
				VALIDATE_PRODUCT = YES;
			};
			name = Release;
		};
		AD873A8F2C2DE83300FC94A9 /* Debug */ = {
			isa = XCBuildConfiguration;
			baseConfigurationReference = ADA9F4152C2F141300C6845F /* Configuration.xcconfig */;
			buildSettings = {
				ASSETCATALOG_COMPILER_APPICON_NAME = AppIcon;
				ASSETCATALOG_COMPILER_GLOBAL_ACCENT_COLOR_NAME = AccentColor;
				CODE_SIGN_ENTITLEMENTS = WalletConnectDemo/WalletConnectDemoDebug.entitlements;
				CODE_SIGN_STYLE = Automatic;
				CURRENT_PROJECT_VERSION = 1;
				DEVELOPMENT_ASSET_PATHS = "\"WalletConnectDemo/Preview Content\"";
				DEVELOPMENT_TEAM = 8V35PKNB65;
				ENABLE_PREVIEWS = YES;
				GENERATE_INFOPLIST_FILE = YES;
				INFOPLIST_FILE = WalletConnectDemo/Info.plist;
				INFOPLIST_KEY_LSApplicationCategoryType = "public.app-category.finance";
				INFOPLIST_KEY_UIApplicationSceneManifest_Generation = YES;
				INFOPLIST_KEY_UIApplicationSupportsIndirectInputEvents = YES;
				INFOPLIST_KEY_UILaunchScreen_Generation = YES;
				INFOPLIST_KEY_UISupportedInterfaceOrientations = UIInterfaceOrientationPortrait;
				INFOPLIST_KEY_UISupportedInterfaceOrientations_iPad = "UIInterfaceOrientationLandscapeLeft UIInterfaceOrientationLandscapeRight UIInterfaceOrientationPortrait UIInterfaceOrientationPortraitUpsideDown";
				IPHONEOS_DEPLOYMENT_TARGET = 17.0;
				LD_RUNPATH_SEARCH_PATHS = (
					"$(inherited)",
					"@executable_path/Frameworks",
				);
				MARKETING_VERSION = 1.0;
				PRODUCT_BUNDLE_IDENTIFIER = com.pattomotto.WalletConnectDemo;
				PRODUCT_NAME = "$(TARGET_NAME)";
				SUPPORTED_PLATFORMS = "iphoneos iphonesimulator";
				SUPPORTS_MACCATALYST = NO;
				SUPPORTS_MAC_DESIGNED_FOR_IPHONE_IPAD = NO;
				SUPPORTS_XR_DESIGNED_FOR_IPHONE_IPAD = NO;
				SWIFT_EMIT_LOC_STRINGS = YES;
				SWIFT_VERSION = 5.0;
				TARGETED_DEVICE_FAMILY = "1,2";
			};
			name = Debug;
		};
		AD873A902C2DE83300FC94A9 /* Release */ = {
			isa = XCBuildConfiguration;
			baseConfigurationReference = ADA9F4152C2F141300C6845F /* Configuration.xcconfig */;
			buildSettings = {
				ASSETCATALOG_COMPILER_APPICON_NAME = AppIcon;
				ASSETCATALOG_COMPILER_GLOBAL_ACCENT_COLOR_NAME = AccentColor;
				CODE_SIGN_ENTITLEMENTS = WalletConnectDemo/WalletConnectDemoRelease.entitlements;
				CODE_SIGN_STYLE = Automatic;
				CURRENT_PROJECT_VERSION = 1;
				DEVELOPMENT_ASSET_PATHS = "\"WalletConnectDemo/Preview Content\"";
				DEVELOPMENT_TEAM = 8V35PKNB65;
				ENABLE_PREVIEWS = YES;
				GENERATE_INFOPLIST_FILE = YES;
				INFOPLIST_FILE = WalletConnectDemo/Info.plist;
				INFOPLIST_KEY_LSApplicationCategoryType = "public.app-category.finance";
				INFOPLIST_KEY_UIApplicationSceneManifest_Generation = YES;
				INFOPLIST_KEY_UIApplicationSupportsIndirectInputEvents = YES;
				INFOPLIST_KEY_UILaunchScreen_Generation = YES;
				INFOPLIST_KEY_UISupportedInterfaceOrientations = UIInterfaceOrientationPortrait;
				INFOPLIST_KEY_UISupportedInterfaceOrientations_iPad = "UIInterfaceOrientationLandscapeLeft UIInterfaceOrientationLandscapeRight UIInterfaceOrientationPortrait UIInterfaceOrientationPortraitUpsideDown";
				IPHONEOS_DEPLOYMENT_TARGET = 17.0;
				LD_RUNPATH_SEARCH_PATHS = (
					"$(inherited)",
					"@executable_path/Frameworks",
				);
				MARKETING_VERSION = 1.0;
				PRODUCT_BUNDLE_IDENTIFIER = com.pattomotto.WalletConnectDemo;
				PRODUCT_NAME = "$(TARGET_NAME)";
				SUPPORTED_PLATFORMS = "iphoneos iphonesimulator";
				SUPPORTS_MACCATALYST = NO;
				SUPPORTS_MAC_DESIGNED_FOR_IPHONE_IPAD = NO;
				SUPPORTS_XR_DESIGNED_FOR_IPHONE_IPAD = NO;
				SWIFT_EMIT_LOC_STRINGS = YES;
				SWIFT_VERSION = 5.0;
				TARGETED_DEVICE_FAMILY = "1,2";
			};
			name = Release;
		};
		AD873A922C2DE83300FC94A9 /* Debug */ = {
			isa = XCBuildConfiguration;
			buildSettings = {
				ALWAYS_EMBED_SWIFT_STANDARD_LIBRARIES = YES;
				BUNDLE_LOADER = "$(TEST_HOST)";
				CODE_SIGN_STYLE = Automatic;
				CURRENT_PROJECT_VERSION = 1;
				GENERATE_INFOPLIST_FILE = YES;
				IPHONEOS_DEPLOYMENT_TARGET = 17.5;
				MARKETING_VERSION = 1.0;
				PRODUCT_BUNDLE_IDENTIFIER = com.pattomotto.WalletConnectDemoTests;
				PRODUCT_NAME = "$(TARGET_NAME)";
				SWIFT_EMIT_LOC_STRINGS = NO;
				SWIFT_VERSION = 5.0;
				TARGETED_DEVICE_FAMILY = "1,2";
				TEST_HOST = "$(BUILT_PRODUCTS_DIR)/WalletConnectDemo.app/$(BUNDLE_EXECUTABLE_FOLDER_PATH)/WalletConnectDemo";
			};
			name = Debug;
		};
		AD873A932C2DE83300FC94A9 /* Release */ = {
			isa = XCBuildConfiguration;
			buildSettings = {
				ALWAYS_EMBED_SWIFT_STANDARD_LIBRARIES = YES;
				BUNDLE_LOADER = "$(TEST_HOST)";
				CODE_SIGN_STYLE = Automatic;
				CURRENT_PROJECT_VERSION = 1;
				GENERATE_INFOPLIST_FILE = YES;
				IPHONEOS_DEPLOYMENT_TARGET = 17.5;
				MARKETING_VERSION = 1.0;
				PRODUCT_BUNDLE_IDENTIFIER = com.pattomotto.WalletConnectDemoTests;
				PRODUCT_NAME = "$(TARGET_NAME)";
				SWIFT_EMIT_LOC_STRINGS = NO;
				SWIFT_VERSION = 5.0;
				TARGETED_DEVICE_FAMILY = "1,2";
				TEST_HOST = "$(BUILT_PRODUCTS_DIR)/WalletConnectDemo.app/$(BUNDLE_EXECUTABLE_FOLDER_PATH)/WalletConnectDemo";
			};
			name = Release;
		};
		AD873A952C2DE83300FC94A9 /* Debug */ = {
			isa = XCBuildConfiguration;
			buildSettings = {
				ALWAYS_EMBED_SWIFT_STANDARD_LIBRARIES = YES;
				CODE_SIGN_STYLE = Automatic;
				CURRENT_PROJECT_VERSION = 1;
				GENERATE_INFOPLIST_FILE = YES;
				MARKETING_VERSION = 1.0;
				PRODUCT_BUNDLE_IDENTIFIER = com.pattomotto.WalletConnectDemoUITests;
				PRODUCT_NAME = "$(TARGET_NAME)";
				SWIFT_EMIT_LOC_STRINGS = NO;
				SWIFT_VERSION = 5.0;
				TARGETED_DEVICE_FAMILY = "1,2";
				TEST_TARGET_NAME = WalletConnectDemo;
			};
			name = Debug;
		};
		AD873A962C2DE83300FC94A9 /* Release */ = {
			isa = XCBuildConfiguration;
			buildSettings = {
				ALWAYS_EMBED_SWIFT_STANDARD_LIBRARIES = YES;
				CODE_SIGN_STYLE = Automatic;
				CURRENT_PROJECT_VERSION = 1;
				GENERATE_INFOPLIST_FILE = YES;
				MARKETING_VERSION = 1.0;
				PRODUCT_BUNDLE_IDENTIFIER = com.pattomotto.WalletConnectDemoUITests;
				PRODUCT_NAME = "$(TARGET_NAME)";
				SWIFT_EMIT_LOC_STRINGS = NO;
				SWIFT_VERSION = 5.0;
				TARGETED_DEVICE_FAMILY = "1,2";
				TEST_TARGET_NAME = WalletConnectDemo;
			};
			name = Release;
		};
/* End XCBuildConfiguration section */

/* Begin XCConfigurationList section */
		AD873A652C2DE83200FC94A9 /* Build configuration list for PBXProject "WalletConnectDemo" */ = {
			isa = XCConfigurationList;
			buildConfigurations = (
				AD873A8C2C2DE83300FC94A9 /* Debug */,
				AD873A8D2C2DE83300FC94A9 /* Release */,
			);
			defaultConfigurationIsVisible = 0;
			defaultConfigurationName = Release;
		};
		AD873A8E2C2DE83300FC94A9 /* Build configuration list for PBXNativeTarget "WalletConnectDemo" */ = {
			isa = XCConfigurationList;
			buildConfigurations = (
				AD873A8F2C2DE83300FC94A9 /* Debug */,
				AD873A902C2DE83300FC94A9 /* Release */,
			);
			defaultConfigurationIsVisible = 0;
			defaultConfigurationName = Release;
		};
		AD873A912C2DE83300FC94A9 /* Build configuration list for PBXNativeTarget "WalletConnectDemoTests" */ = {
			isa = XCConfigurationList;
			buildConfigurations = (
				AD873A922C2DE83300FC94A9 /* Debug */,
				AD873A932C2DE83300FC94A9 /* Release */,
			);
			defaultConfigurationIsVisible = 0;
			defaultConfigurationName = Release;
		};
		AD873A942C2DE83300FC94A9 /* Build configuration list for PBXNativeTarget "WalletConnectDemoUITests" */ = {
			isa = XCConfigurationList;
			buildConfigurations = (
				AD873A952C2DE83300FC94A9 /* Debug */,
				AD873A962C2DE83300FC94A9 /* Release */,
			);
			defaultConfigurationIsVisible = 0;
			defaultConfigurationName = Release;
		};
/* End XCConfigurationList section */

/* Begin XCRemoteSwiftPackageReference section */
		AD741C0A2C2F45F000823E36 /* XCRemoteSwiftPackageReference "WalletConnectSwiftV2" */ = {
			isa = XCRemoteSwiftPackageReference;
			repositoryURL = "git@github.com:WalletConnect/WalletConnectSwiftV2.git";
			requirement = {
				kind = exactVersion;
				version = 1.19.4;
			};
		};
		ADA9F3FA2C2DFB4800C6845F /* XCRemoteSwiftPackageReference "Starscream" */ = {
			isa = XCRemoteSwiftPackageReference;
			repositoryURL = "git@github.com:daltoniam/Starscream.git";
			requirement = {
				kind = exactVersion;
				version = 3.1.2;
			};
		};
		ADA9F4052C2E02F500C6845F /* XCRemoteSwiftPackageReference "Web3" */ = {
			isa = XCRemoteSwiftPackageReference;
			repositoryURL = "https://github.com/WalletConnect/Web3.swift";
			requirement = {
				kind = exactVersion;
				version = 1.0.2;
			};
		};
		ADA9F4082C2E032A00C6845F /* XCRemoteSwiftPackageReference "HDWallet" */ = {
			isa = XCRemoteSwiftPackageReference;
			repositoryURL = "https://github.com/WalletConnect/HDWallet";
			requirement = {
				branch = develop;
				kind = branch;
			};
		};
/* End XCRemoteSwiftPackageReference section */

/* Begin XCSwiftPackageProductDependency section */
		AD741C0B2C2F45F000823E36 /* WalletConnect */ = {
			isa = XCSwiftPackageProductDependency;
			package = AD741C0A2C2F45F000823E36 /* XCRemoteSwiftPackageReference "WalletConnectSwiftV2" */;
			productName = WalletConnect;
		};
		AD741C0D2C2F45F000823E36 /* WalletConnectAuth */ = {
			isa = XCSwiftPackageProductDependency;
			package = AD741C0A2C2F45F000823E36 /* XCRemoteSwiftPackageReference "WalletConnectSwiftV2" */;
			productName = WalletConnectAuth;
		};
		AD741C0F2C2F45F000823E36 /* WalletConnectIdentity */ = {
			isa = XCSwiftPackageProductDependency;
			package = AD741C0A2C2F45F000823E36 /* XCRemoteSwiftPackageReference "WalletConnectSwiftV2" */;
			productName = WalletConnectIdentity;
		};
		AD741C112C2F45F000823E36 /* WalletConnectModal */ = {
			isa = XCSwiftPackageProductDependency;
			package = AD741C0A2C2F45F000823E36 /* XCRemoteSwiftPackageReference "WalletConnectSwiftV2" */;
			productName = WalletConnectModal;
		};
		AD741C132C2F45F000823E36 /* WalletConnectNetworking */ = {
			isa = XCSwiftPackageProductDependency;
			package = AD741C0A2C2F45F000823E36 /* XCRemoteSwiftPackageReference "WalletConnectSwiftV2" */;
			productName = WalletConnectNetworking;
		};
		ADA9F3FB2C2DFB4800C6845F /* Starscream */ = {
			isa = XCSwiftPackageProductDependency;
			package = ADA9F3FA2C2DFB4800C6845F /* XCRemoteSwiftPackageReference "Starscream" */;
			productName = Starscream;
		};
		ADA9F4062C2E02F500C6845F /* Web3 */ = {
			isa = XCSwiftPackageProductDependency;
			package = ADA9F4052C2E02F500C6845F /* XCRemoteSwiftPackageReference "Web3" */;
			productName = Web3;
		};
		ADA9F4092C2E032A00C6845F /* HDWalletKit */ = {
			isa = XCSwiftPackageProductDependency;
			package = ADA9F4082C2E032A00C6845F /* XCRemoteSwiftPackageReference "HDWallet" */;
			productName = HDWalletKit;
		};
/* End XCSwiftPackageProductDependency section */
	};
	rootObject = AD873A622C2DE83200FC94A9 /* Project object */;
}
